
Microsoft Visual Studio Solution File, Format Version 12.00
# Visual Studio Version 16
VisualStudioVersion = 16.0.30114.105
MinimumVisualStudioVersion = 10.0.40219.1
Project("{8BC9CEB8-8B4A-11D0-8D11-00A0C91BC942}") = "Program", "Program\Program.vcxproj", "{91A6DB1F-CEC6-44FB-B079-C7FB1730FA43}"
EndProject
Global
	GlobalSection(SolutionConfigurationPlatforms) = preSolution
		Debug|x64 = Debug|x64
		Debug|x86 = Debug|x86
		Release|x64 = Release|x64
		Release|x86 = Release|x86
	EndGlobalSection
	GlobalSection(ProjectConfigurationPlatforms) = postSolution
		{91A6DB1F-CEC6-44FB-B079-C7FB1730FA43}.Debug|x64.ActiveCfg = Debug|x64
		{91A6DB1F-CEC6-44FB-B079-C7FB1730FA43}.Debug|x64.Build.0 = Debug|x64
		{91A6DB1F-CEC6-44FB-B079-C7FB1730FA43}.Debug|x86.ActiveCfg = Debug|Win32
		{91A6DB1F-CEC6-44FB-B079-C7FB1730FA43}.Debug|x86.Build.0 = Debug|Win32
		{91A6DB1F-CEC6-44FB-B079-C7FB1730FA43}.Release|x64.ActiveCfg = Release|x64
		{91A6DB1F-CEC6-44FB-B079-C7FB1730FA43}.Release|x64.Build.0 = Release|x64
		{91A6DB1F-CEC6-44FB-B079-C7FB1730FA43}.Release|x86.ActiveCfg = Release|Win32
		{91A6DB1F-CEC6-44FB-B079-C7FB1730FA43}.Release|x86.Build.0 = Release|Win32
	EndGlobalSection
	GlobalSection(SolutionProperties) = preSolution
		HideSolutionNode = FALSE
	EndGlobalSection
	GlobalSection(ExtensibilityGlobals) = postSolution
		SolutionGuid = {42757777-E346-4130-8E5D-956F8191D088}
	EndGlobalSection
EndGlobal
